
Microsoft Visual Studio Solution File, Format Version 12.00
# Visual Studio Version 17
VisualStudioVersion = 17.5.002.0
MinimumVisualStudioVersion = 10.0.40219.1
Project("{9A19103F-16F7-4668-BE54-9A1E7A4F7556}") = "pesada_hacienda", "pesada_hacienda.csproj", "{E22EA945-14FB-42E6-B315-08E4C9A10521}"
EndProject
Global
	GlobalSection(SolutionConfigurationPlatforms) = preSolution
		Debug|Any CPU = Debug|Any CPU
		Release|Any CPU = Release|Any CPU
	EndGlobalSection
	GlobalSection(ProjectConfigurationPlatforms) = postSolution
		{E22EA945-14FB-42E6-B315-08E4C9A10521}.Debug|Any CPU.ActiveCfg = Debug|Any CPU
		{E22EA945-14FB-42E6-B315-08E4C9A10521}.Debug|Any CPU.Build.0 = Debug|Any CPU
		{E22EA945-14FB-42E6-B315-08E4C9A10521}.Release|Any CPU.ActiveCfg = Release|Any CPU
		{E22EA945-14FB-42E6-B315-08E4C9A10521}.Release|Any CPU.Build.0 = Release|Any CPU
	EndGlobalSection
	GlobalSection(SolutionProperties) = preSolution
		HideSolutionNode = FALSE
	EndGlobalSection
	GlobalSection(ExtensibilityGlobals) = postSolution
		SolutionGuid = {A7326AF1-42BF-456E-A92C-87B416D52FB6}
	EndGlobalSection
EndGlobal
